
Microsoft Visual Studio Solution File, Format Version 12.00
# Visual Studio Version 17
VisualStudioVersion = 17.7.34031.279
MinimumVisualStudioVersion = 10.0.40219.1
Project("{FAE04EC0-301F-11D3-BF4B-00C04F79EFBC}") = "w05p01", "w05p01\w05p01.csproj", "{E20023B3-9E89-480A-9079-78B6571BD694}"
EndProject
Global
	GlobalSection(SolutionConfigurationPlatforms) = preSolution
		Debug|Any CPU = Debug|Any CPU
		Release|Any CPU = Release|Any CPU
	EndGlobalSection
	GlobalSection(ProjectConfigurationPlatforms) = postSolution
		{E20023B3-9E89-480A-9079-78B6571BD694}.Debug|Any CPU.ActiveCfg = Debug|Any CPU
		{E20023B3-9E89-480A-9079-78B6571BD694}.Debug|Any CPU.Build.0 = Debug|Any CPU
		{E20023B3-9E89-480A-9079-78B6571BD694}.Release|Any CPU.ActiveCfg = Release|Any CPU
		{E20023B3-9E89-480A-9079-78B6571BD694}.Release|Any CPU.Build.0 = Release|Any CPU
	EndGlobalSection
	GlobalSection(SolutionProperties) = preSolution
		HideSolutionNode = FALSE
	EndGlobalSection
	GlobalSection(ExtensibilityGlobals) = postSolution
		SolutionGuid = {B72D51A7-8576-41A9-A40D-44A2D6D9408C}
	EndGlobalSection
EndGlobal
