
Microsoft Visual Studio Solution File, Format Version 12.00
# Visual Studio Version 17
VisualStudioVersion = 17.7.34031.279
MinimumVisualStudioVersion = 10.0.40219.1
Project("{FAE04EC0-301F-11D3-BF4B-00C04F79EFBC}") = "w01p02", "w01p02\w01p02.csproj", "{9BF12D65-2744-4FDB-B6A8-C6287271222F}"
EndProject
Global
	GlobalSection(SolutionConfigurationPlatforms) = preSolution
		Debug|Any CPU = Debug|Any CPU
		Release|Any CPU = Release|Any CPU
	EndGlobalSection
	GlobalSection(ProjectConfigurationPlatforms) = postSolution
		{9BF12D65-2744-4FDB-B6A8-C6287271222F}.Debug|Any CPU.ActiveCfg = Debug|Any CPU
		{9BF12D65-2744-4FDB-B6A8-C6287271222F}.Debug|Any CPU.Build.0 = Debug|Any CPU
		{9BF12D65-2744-4FDB-B6A8-C6287271222F}.Release|Any CPU.ActiveCfg = Release|Any CPU
		{9BF12D65-2744-4FDB-B6A8-C6287271222F}.Release|Any CPU.Build.0 = Release|Any CPU
	EndGlobalSection
	GlobalSection(SolutionProperties) = preSolution
		HideSolutionNode = FALSE
	EndGlobalSection
	GlobalSection(ExtensibilityGlobals) = postSolution
		SolutionGuid = {D8F446A3-87D0-4500-BB4D-041F51592387}
	EndGlobalSection
EndGlobal
