
Microsoft Visual Studio Solution File, Format Version 12.00
# Visual Studio Version 17
VisualStudioVersion = 17.7.34031.279
MinimumVisualStudioVersion = 10.0.40219.1
Project("{FAE04EC0-301F-11D3-BF4B-00C04F79EFBC}") = "w02p02", "w02p02\w02p02.csproj", "{F46E3CF8-770F-40D5-BA79-60CF6FBE606C}"
EndProject
Global
	GlobalSection(SolutionConfigurationPlatforms) = preSolution
		Debug|Any CPU = Debug|Any CPU
		Release|Any CPU = Release|Any CPU
	EndGlobalSection
	GlobalSection(ProjectConfigurationPlatforms) = postSolution
		{F46E3CF8-770F-40D5-BA79-60CF6FBE606C}.Debug|Any CPU.ActiveCfg = Debug|Any CPU
		{F46E3CF8-770F-40D5-BA79-60CF6FBE606C}.Debug|Any CPU.Build.0 = Debug|Any CPU
		{F46E3CF8-770F-40D5-BA79-60CF6FBE606C}.Release|Any CPU.ActiveCfg = Release|Any CPU
		{F46E3CF8-770F-40D5-BA79-60CF6FBE606C}.Release|Any CPU.Build.0 = Release|Any CPU
	EndGlobalSection
	GlobalSection(SolutionProperties) = preSolution
		HideSolutionNode = FALSE
	EndGlobalSection
	GlobalSection(ExtensibilityGlobals) = postSolution
		SolutionGuid = {14E51963-1B8E-44D0-AF9E-43A5F39B8F23}
	EndGlobalSection
EndGlobal
